{
    "_meta": {
        "hash": {
            "sha256": "a0397c062aa8d44b7f4660660f9348886ba11714d59d29f2f8e1ba16a541a854"
        },
        "host-environment-markers": {
            "implementation_name": "cpython",
            "implementation_version": "3.6.2",
            "os_name": "posix",
            "platform_machine": "x86_64",
            "platform_python_implementation": "CPython",
            "platform_release": "16.7.0",
            "platform_system": "Darwin",
            "platform_version": "Darwin Kernel Version 16.7.0: Thu Jun 15 17:36:27 PDT 2017; root:xnu-3789.70.16~2/RELEASE_X86_64",
            "python_full_version": "3.6.2",
            "python_version": "3.6",
            "sys_platform": "darwin"
        },
        "pipfile-spec": 5,
        "requires": {},
        "sources": [
            {
                "name": "pypi",
                "url": "https://pypi.python.org/simple",
                "verify_ssl": true
            }
        ]
    },
    "default": {
        "py": {
            "hashes": [
                "sha256:2ccb79b01769d99115aa600d7eed99f524bf752bba8f041dc1c184853514655a",
                "sha256:0f2d585d22050e90c7d293b6451c83db097df77871974d90efd5a30dc12fcde3"
            ],
            "version": "==1.4.34"
        },
        "pyfrc": {
            "hashes": [
                "sha256:8c5ff8d42d2ed2fec1023e14403d42c228ff594df1a7c7913d5dd22bb33395fb"
            ],
            "version": "==2017.1.5"
        },
        "pynetconsole": {
            "hashes": [
                "sha256:e11c73d94b6c8441e2cb1bbab7b2a9fd8a3d9c5b0ba72aa7cd186f66124ca7bd"
            ],
            "version": "==1.3.1"
        },
        "pynetworktables": {
            "hashes": [
                "sha256:b114c12d44e7308a3d4a57e5bfebebad106020ebdf7d88f2e7aa346eef90dce1"
            ],
            "version": "==2017.0.8"
        },
        "pyserial": {
            "hashes": [
                "sha256:e0770fadba80c31013896c7e6ef703f72e7834965954a78e71a3049488d4d7d8",
                "sha256:6e2d401fdee0eab996cf734e67773a0143b932772ca8b42451440cfed942c627"
            ],
            "version": "==3.4"
        },
        "pytest": {
            "hashes": [
                "sha256:b84f554f8ddc23add65c411bf112b2d88e2489fd45f753b1cae5936358bdf314",
                "sha256:f46e49e0340a532764991c498244a60e3a37d7424a532b3ff1a6a7653f1a403a"
            ],
            "version": "==3.2.2"
        },
        "robotpy-hal-base": {
            "hashes": [
                "sha256:d401daa62349e3699bfb8406d4f67fb934bd9f6546cb6548fa4c66b3b180baa3"
            ],
            "version": "==2017.1.2"
        },
        "robotpy-hal-sim": {
            "hashes": [
                "sha256:5ea2adcb51ed2a4c2bc3b01bda7cc7947bfdff5416506ea39f55b8e17297a225"
            ],
            "version": "==2017.1.2"
        },
        "robotpy-installer": {
            "hashes": [
                "sha256:c6e6390e5875311634724646e1465c2b7bb73174def1a84a294e60302ec5ed31"
            ],
            "version": "==2017.1.4"
        },
        "robotpy-wpilib-utilities": {
            "hashes": [
                "sha256:82bd6703a4d66f43ae1ee6b63d50d51d64fd47f0a45cf5c7a9a9a84613ded431"
            ],
            "version": "==2017.0.11"
        },
        "wpilib": {
            "hashes": [
                "sha256:024b353ffb8c8a105c882be189271032ee6187c0322e6f4bd76b7df6870f5b36"
            ],
            "version": "==2017.1.2"
        }
    },
    "develop": {}
}
